
Microsoft Visual Studio Solution File, Format Version 12.00
# Visual Studio Version 16
VisualStudioVersion = 16.0.30611.23
MinimumVisualStudioVersion = 10.0.40219.1
Project("{FAE04EC0-301F-11D3-BF4B-00C04F79EFBC}") = "ProjekatStudentskiDom", "ProjekatStudentskiDom\ProjekatStudentskiDom.csproj", "{1A8FD887-84DB-4CDA-9CD2-DB8A03414FB3}"
EndProject
Global
	GlobalSection(SolutionConfigurationPlatforms) = preSolution
		Debug|Any CPU = Debug|Any CPU
		Release|Any CPU = Release|Any CPU
	EndGlobalSection
	GlobalSection(ProjectConfigurationPlatforms) = postSolution
		{1A8FD887-84DB-4CDA-9CD2-DB8A03414FB3}.Debug|Any CPU.ActiveCfg = Debug|Any CPU
		{1A8FD887-84DB-4CDA-9CD2-DB8A03414FB3}.Debug|Any CPU.Build.0 = Debug|Any CPU
		{1A8FD887-84DB-4CDA-9CD2-DB8A03414FB3}.Release|Any CPU.ActiveCfg = Release|Any CPU
		{1A8FD887-84DB-4CDA-9CD2-DB8A03414FB3}.Release|Any CPU.Build.0 = Release|Any CPU
	EndGlobalSection
	GlobalSection(SolutionProperties) = preSolution
		HideSolutionNode = FALSE
	EndGlobalSection
	GlobalSection(ExtensibilityGlobals) = postSolution
		SolutionGuid = {EBB74CE5-6FFE-4D7E-A77B-970ACCB269B0}
	EndGlobalSection
EndGlobal
